
Microsoft Visual Studio Solution File, Format Version 12.00
# Visual Studio Version 17
VisualStudioVersion = 17.4.33205.214
MinimumVisualStudioVersion = 10.0.40219.1
Project("{FAE04EC0-301F-11D3-BF4B-00C04F79EFBC}") = "pr13", "pr13\pr13.csproj", "{20255928-DB83-49C1-BF8B-CBE046F39EB7}"
EndProject
Global
	GlobalSection(SolutionConfigurationPlatforms) = preSolution
		Debug|Any CPU = Debug|Any CPU
		Release|Any CPU = Release|Any CPU
	EndGlobalSection
	GlobalSection(ProjectConfigurationPlatforms) = postSolution
		{20255928-DB83-49C1-BF8B-CBE046F39EB7}.Debug|Any CPU.ActiveCfg = Debug|Any CPU
		{20255928-DB83-49C1-BF8B-CBE046F39EB7}.Debug|Any CPU.Build.0 = Debug|Any CPU
		{20255928-DB83-49C1-BF8B-CBE046F39EB7}.Release|Any CPU.ActiveCfg = Release|Any CPU
		{20255928-DB83-49C1-BF8B-CBE046F39EB7}.Release|Any CPU.Build.0 = Release|Any CPU
	EndGlobalSection
	GlobalSection(SolutionProperties) = preSolution
		HideSolutionNode = FALSE
	EndGlobalSection
	GlobalSection(ExtensibilityGlobals) = postSolution
		SolutionGuid = {8BE45766-140A-47C3-882E-5356FDE6067E}
	EndGlobalSection
EndGlobal
