
Microsoft Visual Studio Solution File, Format Version 12.00
# Visual Studio Version 17
VisualStudioVersion = 17.5.33502.453
MinimumVisualStudioVersion = 10.0.40219.1
Project("{FAE04EC0-301F-11D3-BF4B-00C04F79EFBC}") = "WindowsFormsApp1", "WindowsFormsApp1\WindowsFormsApp1.csproj", "{7439D6C7-47A7-42AF-B757-DF121F1F8DA6}"
EndProject
Global
	GlobalSection(SolutionConfigurationPlatforms) = preSolution
		Debug|Any CPU = Debug|Any CPU
		Release|Any CPU = Release|Any CPU
	EndGlobalSection
	GlobalSection(ProjectConfigurationPlatforms) = postSolution
		{7439D6C7-47A7-42AF-B757-DF121F1F8DA6}.Debug|Any CPU.ActiveCfg = Debug|Any CPU
		{7439D6C7-47A7-42AF-B757-DF121F1F8DA6}.Debug|Any CPU.Build.0 = Debug|Any CPU
		{7439D6C7-47A7-42AF-B757-DF121F1F8DA6}.Release|Any CPU.ActiveCfg = Release|Any CPU
		{7439D6C7-47A7-42AF-B757-DF121F1F8DA6}.Release|Any CPU.Build.0 = Release|Any CPU
	EndGlobalSection
	GlobalSection(SolutionProperties) = preSolution
		HideSolutionNode = FALSE
	EndGlobalSection
	GlobalSection(ExtensibilityGlobals) = postSolution
		SolutionGuid = {40E9E3E7-294A-4DA4-BE0A-8A9E66A75AD2}
	EndGlobalSection
EndGlobal
