
Microsoft Visual Studio Solution File, Format Version 12.00
# Visual Studio Version 17
VisualStudioVersion = 17.5.33502.453
MinimumVisualStudioVersion = 10.0.40219.1
Project("{FAE04EC0-301F-11D3-BF4B-00C04F79EFBC}") = "App3", "App3\App3.csproj", "{822017B3-A8B7-41CE-A4BF-118BBA0721EC}"
EndProject
Global
	GlobalSection(SolutionConfigurationPlatforms) = preSolution
		Debug|Any CPU = Debug|Any CPU
		Release|Any CPU = Release|Any CPU
	EndGlobalSection
	GlobalSection(ProjectConfigurationPlatforms) = postSolution
		{822017B3-A8B7-41CE-A4BF-118BBA0721EC}.Debug|Any CPU.ActiveCfg = Debug|Any CPU
		{822017B3-A8B7-41CE-A4BF-118BBA0721EC}.Debug|Any CPU.Build.0 = Debug|Any CPU
		{822017B3-A8B7-41CE-A4BF-118BBA0721EC}.Release|Any CPU.ActiveCfg = Release|Any CPU
		{822017B3-A8B7-41CE-A4BF-118BBA0721EC}.Release|Any CPU.Build.0 = Release|Any CPU
	EndGlobalSection
	GlobalSection(SolutionProperties) = preSolution
		HideSolutionNode = FALSE
	EndGlobalSection
	GlobalSection(ExtensibilityGlobals) = postSolution
		SolutionGuid = {E58FC23B-6670-4D0A-B9B1-D0C58ECA51DA}
	EndGlobalSection
EndGlobal
